
Microsoft Visual Studio Solution File, Format Version 12.00
Project("{FAE04EC0-301F-11D3-BF4B-00C04F79EFBC}") = "Mytask.API", "Mytask.API.csproj", "{15BA9AC1-0FE0-4967-B5A2-AC3315C3C5F4}"
EndProject
Project("{2150E333-8FDC-42A3-9474-1A3956D46DE8}") = "Solution Items", "Solution Items", "{842CBDB7-4247-4C17-8904-675586B6951E}"
	ProjectSection(SolutionItems) = preProject
		docker-compose.yml = docker-compose.yml
	EndProjectSection
EndProject
Global
	GlobalSection(SolutionConfigurationPlatforms) = preSolution
		Debug|Any CPU = Debug|Any CPU
		Release|Any CPU = Release|Any CPU
	EndGlobalSection
	GlobalSection(ProjectConfigurationPlatforms) = postSolution
		{15BA9AC1-0FE0-4967-B5A2-AC3315C3C5F4}.Debug|Any CPU.ActiveCfg = Debug|Any CPU
		{15BA9AC1-0FE0-4967-B5A2-AC3315C3C5F4}.Debug|Any CPU.Build.0 = Debug|Any CPU
		{15BA9AC1-0FE0-4967-B5A2-AC3315C3C5F4}.Release|Any CPU.ActiveCfg = Release|Any CPU
		{15BA9AC1-0FE0-4967-B5A2-AC3315C3C5F4}.Release|Any CPU.Build.0 = Release|Any CPU
	EndGlobalSection
EndGlobal
